
Microsoft Visual Studio Solution File, Format Version 12.00
# Visual Studio Version 17
VisualStudioVersion = 17.10.35122.118
MinimumVisualStudioVersion = 10.0.40219.1
Project("{FAE04EC0-301F-11D3-BF4B-00C04F79EFBC}") = "Bluebirds_FinalProject", "Bluebirds_FinalProject\Bluebirds_FinalProject.csproj", "{B38771D8-F150-4FC7-8346-4C8114B6415F}"
EndProject
Global
	GlobalSection(SolutionConfigurationPlatforms) = preSolution
		Debug|Any CPU = Debug|Any CPU
		Release|Any CPU = Release|Any CPU
	EndGlobalSection
	GlobalSection(ProjectConfigurationPlatforms) = postSolution
		{B38771D8-F150-4FC7-8346-4C8114B6415F}.Debug|Any CPU.ActiveCfg = Debug|Any CPU
		{B38771D8-F150-4FC7-8346-4C8114B6415F}.Debug|Any CPU.Build.0 = Debug|Any CPU
		{B38771D8-F150-4FC7-8346-4C8114B6415F}.Release|Any CPU.ActiveCfg = Release|Any CPU
		{B38771D8-F150-4FC7-8346-4C8114B6415F}.Release|Any CPU.Build.0 = Release|Any CPU
	EndGlobalSection
	GlobalSection(SolutionProperties) = preSolution
		HideSolutionNode = FALSE
	EndGlobalSection
	GlobalSection(ExtensibilityGlobals) = postSolution
		SolutionGuid = {74ED2625-B5F9-4AB8-A98A-49733A028C57}
	EndGlobalSection
EndGlobal
